{
  "pins" : [
    {
      "identity" : "cryptoswift",
      "kind" : "remoteSourceControl",
      "location" : "https://github.com/krzyzanowskim/CryptoSwift.git",
      "state" : {
        "revision" : "e45a26384239e028ec87fbcc788f513b67e10d8f",
        "version" : "1.9.0"
      }
    },
    {
      "identity" : "ellipticcurvekeypair",
      "kind" : "remoteSourceControl",
      "location" : "https://github.com/agens-no/EllipticCurveKeyPair.git",
      "state" : {
        "revision" : "23c10206e15cf3276f25fad0b52cd5b16c9c6537"
      }
    },
    {
      "identity" : "keychainaccess",
      "kind" : "remoteSourceControl",
      "location" : "https://github.com/teamprex/KeychainAccess.git",
      "state" : {
        "revision" : "84e546727d66f1adc5439debad16270d0fdd04e7",
        "version" : "4.2.2"
      }
    },
    {
      "identity" : "promisekit",
      "kind" : "remoteSourceControl",
      "location" : "https://github.com/mxcl/PromiseKit.git",
      "state" : {
        "revision" : "2bc44395edb4f8391902a9ff7c220471882a4d07",
        "version" : "8.2.0"
      }
    }
  ],
  "version" : 2
}
